
Microsoft Visual Studio Solution File, Format Version 12.00
# Visual Studio 15
VisualStudioVersion = 15.0.28307.271
MinimumVisualStudioVersion = 10.0.40219.1
Project("{FAE04EC0-301F-11D3-BF4B-00C04F79EFBC}") = "Test1", "Test1\Test1.csproj", "{81F83210-A2A2-4661-B541-BE91E53D5782}"
EndProject
Global
	GlobalSection(SolutionConfigurationPlatforms) = preSolution
		Debug|Any CPU = Debug|Any CPU
		Release|Any CPU = Release|Any CPU
	EndGlobalSection
	GlobalSection(ProjectConfigurationPlatforms) = postSolution
		{81F83210-A2A2-4661-B541-BE91E53D5782}.Debug|Any CPU.ActiveCfg = Debug|Any CPU
		{81F83210-A2A2-4661-B541-BE91E53D5782}.Debug|Any CPU.Build.0 = Debug|Any CPU
		{81F83210-A2A2-4661-B541-BE91E53D5782}.Release|Any CPU.ActiveCfg = Release|Any CPU
		{81F83210-A2A2-4661-B541-BE91E53D5782}.Release|Any CPU.Build.0 = Release|Any CPU
	EndGlobalSection
	GlobalSection(SolutionProperties) = preSolution
		HideSolutionNode = FALSE
	EndGlobalSection
	GlobalSection(ExtensibilityGlobals) = postSolution
		SolutionGuid = {C49600DE-ED3D-4F13-8AF3-CE3E40BCD810}
	EndGlobalSection
EndGlobal
